Microsoft Visual Studio Solution File, Format Version 12.00
# Visual Studio Version 17
VisualStudioVersion = 17.5.2.0
MinimumVisualStudioVersion = 10.0.40219.1
Project("{FAE04EC0-301F-11D3-BF4B-00C04F79EFBC}") = "AgendamentoAPI - Backup", "AgendamentoAPI - Backup.csproj", "{3EF4CB15-8CC7-F4B6-334A-0D02FD254242}"
EndProject
Project("{FAE04EC0-301F-11D3-BF4B-00C04F79EFBC}") = "AgendamentoAPI", "AgendamentoAPI.csproj", "{0319B741-D43E-2C06-D05F-DB501B97B907}"
EndProject
Global
	GlobalSection(SolutionConfigurationPlatforms) = preSolution
		Debug|Any CPU = Debug|Any CPU
		Release|Any CPU = Release|Any CPU
	EndGlobalSection
	GlobalSection(ProjectConfigurationPlatforms) = postSolution
		{3EF4CB15-8CC7-F4B6-334A-0D02FD254242}.Debug|Any CPU.ActiveCfg = Debug|Any CPU
		{3EF4CB15-8CC7-F4B6-334A-0D02FD254242}.Debug|Any CPU.Build.0 = Debug|Any CPU
		{3EF4CB15-8CC7-F4B6-334A-0D02FD254242}.Release|Any CPU.ActiveCfg = Release|Any CPU
		{3EF4CB15-8CC7-F4B6-334A-0D02FD254242}.Release|Any CPU.Build.0 = Release|Any CPU
		{0319B741-D43E-2C06-D05F-DB501B97B907}.Debug|Any CPU.ActiveCfg = Debug|Any CPU
		{0319B741-D43E-2C06-D05F-DB501B97B907}.Debug|Any CPU.Build.0 = Debug|Any CPU
		{0319B741-D43E-2C06-D05F-DB501B97B907}.Release|Any CPU.ActiveCfg = Release|Any CPU
		{0319B741-D43E-2C06-D05F-DB501B97B907}.Release|Any CPU.Build.0 = Release|Any CPU
	EndGlobalSection
	GlobalSection(SolutionProperties) = preSolution
		HideSolutionNode = FALSE
	EndGlobalSection
	GlobalSection(ExtensibilityGlobals) = postSolution
		SolutionGuid = {5DE6AAF4-A182-4511-AFDA-8D64FFD4AA2B}
	EndGlobalSection
EndGlobal
